// !$*UTF8*$!
{
	archiveVersion = 1;
	classes = {
	};
	objectVersion = 56;
	objects = {

/* Begin PBXBuildFile section */
		C658B681293984F700BA29EB /* TwoColumnExampleApp.swift in Sources */ = {isa = PBXBuildFile; fileRef = C658B680293984F700BA29EB /* TwoColumnExampleApp.swift */; };
		C658B683293984F700BA29EB /* ContentView.swift in Sources */ = {isa = PBXBuildFile; fileRef = C658B682293984F700BA29EB /* ContentView.swift */; };
		C658B685293984F800BA29EB /* Assets.xcassets in Resources */ = {isa = PBXBuildFile; fileRef = C658B684293984F800BA29EB /* Assets.xcassets */; };
		C658B689293984F800BA29EB /* Preview Assets.xcassets in Resources */ = {isa = PBXBuildFile; fileRef = C658B688293984F800BA29EB /* Preview Assets.xcassets */; };
		C658B693293984F800BA29EB /* TwoColumnExampleTests.swift in Sources */ = {isa = PBXBuildFile; fileRef = C658B692293984F800BA29EB /* TwoColumnExampleTests.swift */; };
		C658B69D293984F800BA29EB /* TwoColumnExampleUITests.swift in Sources */ = {isa = PBXBuildFile; fileRef = C658B69C293984F800BA29EB /* TwoColumnExampleUITests.swift */; };
		C658B69F293984F800BA29EB /* TwoColumnExampleUITestsLaunchTests.swift in Sources */ = {isa = PBXBuildFile; fileRef = C658B69E293984F800BA29EB /* TwoColumnExampleUITestsLaunchTests.swift */; };
		C658B6AC293986CA00BA29EB /* Store.swift in Sources */ = {isa = PBXBuildFile; fileRef = C658B6AB293986CA00BA29EB /* Store.swift */; };
/* End PBXBuildFile section */

/* Begin PBXContainerItemProxy section */
		C658B68F293984F800BA29EB /* PBXContainerItemProxy */ = {
			isa = PBXContainerItemProxy;
			containerPortal = C658B675293984F700BA29EB /* Project object */;
			proxyType = 1;
			remoteGlobalIDString = C658B67C293984F700BA29EB;
			remoteInfo = TwoColumnExample;
		};
		C658B699293984F800BA29EB /* PBXContainerItemProxy */ = {
			isa = PBXContainerItemProxy;
			containerPortal = C658B675293984F700BA29EB /* Project object */;
			proxyType = 1;
			remoteGlobalIDString = C658B67C293984F700BA29EB;
			remoteInfo = TwoColumnExample;
		};
/* End PBXContainerItemProxy section */

/* Begin PBXFileReference section */
		C658B67D293984F700BA29EB /* TwoColumnExample.app */ = {isa = PBXFileReference; explicitFileType = wrapper.application; includeInIndex = 0; path = TwoColumnExample.app; sourceTree = BUILT_PRODUCTS_DIR; };
		C658B680293984F700BA29EB /* TwoColumnExampleApp.swift */ = {isa = PBXFileReference; lastKnownFileType = sourcecode.swift; path = TwoColumnExampleApp.swift; sourceTree = "<group>"; };
		C658B682293984F700BA29EB /* ContentView.swift */ = {isa = PBXFileReference; lastKnownFileType = sourcecode.swift; path = ContentView.swift; sourceTree = "<group>"; };
		C658B684293984F800BA29EB /* Assets.xcassets */ = {isa = PBXFileReference; lastKnownFileType = folder.assetcatalog; path = Assets.xcassets; sourceTree = "<group>"; };
		C658B686293984F800BA29EB /* TwoColumnExample.entitlements */ = {isa = PBXFileReference; lastKnownFileType = text.plist.entitlements; path = TwoColumnExample.entitlements; sourceTree = "<group>"; };
		C658B688293984F800BA29EB /* Preview Assets.xcassets */ = {isa = PBXFileReference; lastKnownFileType = folder.assetcatalog; path = "Preview Assets.xcassets"; sourceTree = "<group>"; };
		C658B68E293984F800BA29EB /* TwoColumnExampleTests.xctest */ = {isa = PBXFileReference; explicitFileType = wrapper.cfbundle; includeInIndex = 0; path = TwoColumnExampleTests.xctest; sourceTree = BUILT_PRODUCTS_DIR; };
		C658B692293984F800BA29EB /* TwoColumnExampleTests.swift */ = {isa = PBXFileReference; lastKnownFileType = sourcecode.swift; path = TwoColumnExampleTests.swift; sourceTree = "<group>"; };
		C658B698293984F800BA29EB /* TwoColumnExampleUITests.xctest */ = {isa = PBXFileReference; explicitFileType = wrapper.cfbundle; includeInIndex = 0; path = TwoColumnExampleUITests.xctest; sourceTree = BUILT_PRODUCTS_DIR; };
		C658B69C293984F800BA29EB /* TwoColumnExampleUITests.swift */ = {isa = PBXFileReference; lastKnownFileType = sourcecode.swift; path = TwoColumnExampleUITests.swift; sourceTree = "<group>"; };
		C658B69E293984F800BA29EB /* TwoColumnExampleUITestsLaunchTests.swift */ = {isa = PBXFileReference; lastKnownFileType = sourcecode.swift; path = TwoColumnExampleUITestsLaunchTests.swift; sourceTree = "<group>"; };
		C658B6AB293986CA00BA29EB /* Store.swift */ = {isa = PBXFileReference; lastKnownFileType = sourcecode.swift; path = Store.swift; sourceTree = "<group>"; };
/* End PBXFileReference section */

/* Begin PBXFrameworksBuildPhase section */
		C658B67A293984F700BA29EB /* Frameworks */ = {
			isa = PBXFrameworksBuildPhase;
			buildActionMask = 2147483647;
			files = (
			);
			runOnlyForDeploymentPostprocessing = 0;
		};
		C658B68B293984F800BA29EB /* Frameworks */ = {
			isa = PBXFrameworksBuildPhase;
			buildActionMask = 2147483647;
			files = (
			);
			runOnlyForDeploymentPostprocessing = 0;
		};
		C658B695293984F800BA29EB /* Frameworks */ = {
			isa = PBXFrameworksBuildPhase;
			buildActionMask = 2147483647;
			files = (
			);
			runOnlyForDeploymentPostprocessing = 0;
		};
/* End PBXFrameworksBuildPhase section */

/* Begin PBXGroup section */
		C658B674293984F700BA29EB = {
			isa = PBXGroup;
			children = (
				C658B67F293984F700BA29EB /* TwoColumnExample */,
				C658B691293984F800BA29EB /* TwoColumnExampleTests */,
				C658B69B293984F800BA29EB /* TwoColumnExampleUITests */,
				C658B67E293984F700BA29EB /* Products */,
			);
			sourceTree = "<group>";
		};
		C658B67E293984F700BA29EB /* Products */ = {
			isa = PBXGroup;
			children = (
				C658B67D293984F700BA29EB /* TwoColumnExample.app */,
				C658B68E293984F800BA29EB /* TwoColumnExampleTests.xctest */,
				C658B698293984F800BA29EB /* TwoColumnExampleUITests.xctest */,
			);
			name = Products;
			sourceTree = "<group>";
		};
		C658B67F293984F700BA29EB /* TwoColumnExample */ = {
			isa = PBXGroup;
			children = (
				C658B680293984F700BA29EB /* TwoColumnExampleApp.swift */,
				C658B682293984F700BA29EB /* ContentView.swift */,
				C658B6AB293986CA00BA29EB /* Store.swift */,
				C658B684293984F800BA29EB /* Assets.xcassets */,
				C658B686293984F800BA29EB /* TwoColumnExample.entitlements */,
				C658B687293984F800BA29EB /* Preview Content */,
			);
			path = TwoColumnExample;
			sourceTree = "<group>";
		};
		C658B687293984F800BA29EB /* Preview Content */ = {
			isa = PBXGroup;
			children = (
				C658B688293984F800BA29EB /* Preview Assets.xcassets */,
			);
			path = "Preview Content";
			sourceTree = "<group>";
		};
		C658B691293984F800BA29EB /* TwoColumnExampleTests */ = {
			isa = PBXGroup;
			children = (
				C658B692293984F800BA29EB /* TwoColumnExampleTests.swift */,
			);
			path = TwoColumnExampleTests;
			sourceTree = "<group>";
		};
		C658B69B293984F800BA29EB /* TwoColumnExampleUITests */ = {
			isa = PBXGroup;
			children = (
				C658B69C293984F800BA29EB /* TwoColumnExampleUITests.swift */,
				C658B69E293984F800BA29EB /* TwoColumnExampleUITestsLaunchTests.swift */,
			);
			path = TwoColumnExampleUITests;
			sourceTree = "<group>";
		};
/* End PBXGroup section */

/* Begin PBXNativeTarget section */
		C658B67C293984F700BA29EB /* TwoColumnExample */ = {
			isa = PBXNativeTarget;
			buildConfigurationList = C658B6A2293984F800BA29EB /* Build configuration list for PBXNativeTarget "TwoColumnExample" */;
			buildPhases = (
				C658B679293984F700BA29EB /* Sources */,
				C658B67A293984F700BA29EB /* Frameworks */,
				C658B67B293984F700BA29EB /* Resources */,
			);
			buildRules = (
			);
			dependencies = (
			);
			name = TwoColumnExample;
			productName = TwoColumnExample;
			productReference = C658B67D293984F700BA29EB /* TwoColumnExample.app */;
			productType = "com.apple.product-type.application";
		};
		C658B68D293984F800BA29EB /* TwoColumnExampleTests */ = {
			isa = PBXNativeTarget;
			buildConfigurationList = C658B6A5293984F800BA29EB /* Build configuration list for PBXNativeTarget "TwoColumnExampleTests" */;
			buildPhases = (
				C658B68A293984F800BA29EB /* Sources */,
				C658B68B293984F800BA29EB /* Frameworks */,
				C658B68C293984F800BA29EB /* Resources */,
			);
			buildRules = (
			);
			dependencies = (
				C658B690293984F800BA29EB /* PBXTargetDependency */,
			);
			name = TwoColumnExampleTests;
			productName = TwoColumnExampleTests;
			productReference = C658B68E293984F800BA29EB /* TwoColumnExampleTests.xctest */;
			productType = "com.apple.product-type.bundle.unit-test";
		};
		C658B697293984F800BA29EB /* TwoColumnExampleUITests */ = {
			isa = PBXNativeTarget;
			buildConfigurationList = C658B6A8293984F800BA29EB /* Build configuration list for PBXNativeTarget "TwoColumnExampleUITests" */;
			buildPhases = (
				C658B694293984F800BA29EB /* Sources */,
				C658B695293984F800BA29EB /* Frameworks */,
				C658B696293984F800BA29EB /* Resources */,
			);
			buildRules = (
			);
			dependencies = (
				C658B69A293984F800BA29EB /* PBXTargetDependency */,
			);
			name = TwoColumnExampleUITests;
			productName = TwoColumnExampleUITests;
			productReference = C658B698293984F800BA29EB /* TwoColumnExampleUITests.xctest */;
			productType = "com.apple.product-type.bundle.ui-testing";
		};
/* End PBXNativeTarget section */

/* Begin PBXProject section */
		C658B675293984F700BA29EB /* Project object */ = {
			isa = PBXProject;
			attributes = {
				BuildIndependentTargetsInParallel = 1;
				LastSwiftUpdateCheck = 1410;
				LastUpgradeCheck = 1410;
				TargetAttributes = {
					C658B67C293984F700BA29EB = {
						CreatedOnToolsVersion = 14.1;
					};
					C658B68D293984F800BA29EB = {
						CreatedOnToolsVersion = 14.1;
						TestTargetID = C658B67C293984F700BA29EB;
					};
					C658B697293984F800BA29EB = {
						CreatedOnToolsVersion = 14.1;
						TestTargetID = C658B67C293984F700BA29EB;
					};
				};
			};
			buildConfigurationList = C658B678293984F700BA29EB /* Build configuration list for PBXProject "TwoColumnExample" */;
			compatibilityVersion = "Xcode 14.0";
			developmentRegion = en;
			hasScannedForEncodings = 0;
			knownRegions = (
				en,
				Base,
			);
			mainGroup = C658B674293984F700BA29EB;
			productRefGroup = C658B67E293984F700BA29EB /* Products */;
			projectDirPath = "";
			projectRoot = "";
			targets = (
				C658B67C293984F700BA29EB /* TwoColumnExample */,
				C658B68D293984F800BA29EB /* TwoColumnExampleTests */,
				C658B697293984F800BA29EB /* TwoColumnExampleUITests */,
			);
		};
/* End PBXProject section */

/* Begin PBXResourcesBuildPhase section */
		C658B67B293984F700BA29EB /* Resources */ = {
			isa = PBXResourcesBuildPhase;
			buildActionMask = 2147483647;
			files = (
				C658B689293984F800BA29EB /* Preview Assets.xcassets in Resources */,
				C658B685293984F800BA29EB /* Assets.xcassets in Resources */,
			);
			runOnlyForDeploymentPostprocessing = 0;
		};
		C658B68C293984F800BA29EB /* Resources */ = {
			isa = PBXResourcesBuildPhase;
			buildActionMask = 2147483647;
			files = (
			);
			runOnlyForDeploymentPostprocessing = 0;
		};
		C658B696293984F800BA29EB /* Resources */ = {
			isa = PBXResourcesBuildPhase;
			buildActionMask = 2147483647;
			files = (
			);
			runOnlyForDeploymentPostprocessing = 0;
		};
/* End PBXResourcesBuildPhase section */

/* Begin PBXSourcesBuildPhase section */
		C658B679293984F700BA29EB /* Sources */ = {
			isa = PBXSourcesBuildPhase;
			buildActionMask = 2147483647;
			files = (
				C658B6AC293986CA00BA29EB /* Store.swift in Sources */,
				C658B683293984F700BA29EB /* ContentView.swift in Sources */,
				C658B681293984F700BA29EB /* TwoColumnExampleApp.swift in Sources */,
			);
			runOnlyForDeploymentPostprocessing = 0;
		};
		C658B68A293984F800BA29EB /* Sources */ = {
			isa = PBXSourcesBuildPhase;
			buildActionMask = 2147483647;
			files = (
				C658B693293984F800BA29EB /* TwoColumnExampleTests.swift in Sources */,
			);
			runOnlyForDeploymentPostprocessing = 0;
		};
		C658B694293984F800BA29EB /* Sources */ = {
			isa = PBXSourcesBuildPhase;
			buildActionMask = 2147483647;
			files = (
				C658B69F293984F800BA29EB /* TwoColumnExampleUITestsLaunchTests.swift in Sources */,
				C658B69D293984F800BA29EB /* TwoColumnExampleUITests.swift in Sources */,
			);
			runOnlyForDeploymentPostprocessing = 0;
		};
/* End PBXSourcesBuildPhase section */

/* Begin PBXTargetDependency section */
		C658B690293984F800BA29EB /* PBXTargetDependency */ = {
			isa = PBXTargetDependency;
			target = C658B67C293984F700BA29EB /* TwoColumnExample */;
			targetProxy = C658B68F293984F800BA29EB /* PBXContainerItemProxy */;
		};
		C658B69A293984F800BA29EB /* PBXTargetDependency */ = {
			isa = PBXTargetDependency;
			target = C658B67C293984F700BA29EB /* TwoColumnExample */;
			targetProxy = C658B699293984F800BA29EB /* PBXContainerItemProxy */;
		};
/* End PBXTargetDependency section */

/* Begin XCBuildConfiguration section */
		C658B6A0293984F800BA29EB /* Debug */ = {
			isa = XCBuildConfiguration;
			buildSettings = {
				ALWAYS_SEARCH_USER_PATHS = NO;
				CLANG_ANALYZER_NONNULL = YES;
				CLANG_ANALYZER_NUMBER_OBJECT_CONVERSION = YES_AGGRESSIVE;
				CLANG_CXX_LANGUAGE_STANDARD = "gnu++20";
				CLANG_ENABLE_MODULES = YES;
				CLANG_ENABLE_OBJC_ARC = YES;
				CLANG_ENABLE_OBJC_WEAK = YES;
				CLANG_WARN_BLOCK_CAPTURE_AUTORELEASING = YES;
				CLANG_WARN_BOOL_CONVERSION = YES;
				CLANG_WARN_COMMA = YES;
				CLANG_WARN_CONSTANT_CONVERSION = YES;
				CLANG_WARN_DEPRECATED_OBJC_IMPLEMENTATIONS = YES;
				CLANG_WARN_DIRECT_OBJC_ISA_USAGE = YES_ERROR;
				CLANG_WARN_DOCUMENTATION_COMMENTS = YES;
				CLANG_WARN_EMPTY_BODY = YES;
				CLANG_WARN_ENUM_CONVERSION = YES;
				CLANG_WARN_INFINITE_RECURSION = YES;
				CLANG_WARN_INT_CONVERSION = YES;
				CLANG_WARN_NON_LITERAL_NULL_CONVERSION = YES;
				CLANG_WARN_OBJC_IMPLICIT_RETAIN_SELF = YES;
				CLANG_WARN_OBJC_LITERAL_CONVERSION = YES;
				CLANG_WARN_OBJC_ROOT_CLASS = YES_ERROR;
				CLANG_WARN_QUOTED_INCLUDE_IN_FRAMEWORK_HEADER = YES;
				CLANG_WARN_RANGE_LOOP_ANALYSIS = YES;
				CLANG_WARN_STRICT_PROTOTYPES = YES;
				CLANG_WARN_SUSPICIOUS_MOVE = YES;
				CLANG_WARN_UNGUARDED_AVAILABILITY = YES_AGGRESSIVE;
				CLANG_WARN_UNREACHABLE_CODE = YES;
				CLANG_WARN__DUPLICATE_METHOD_MATCH = YES;
				COPY_PHASE_STRIP = NO;
				DEBUG_INFORMATION_FORMAT = dwarf;
				ENABLE_STRICT_OBJC_MSGSEND = YES;
				ENABLE_TESTABILITY = YES;
				GCC_C_LANGUAGE_STANDARD = gnu11;
				GCC_DYNAMIC_NO_PIC = NO;
				GCC_NO_COMMON_BLOCKS = YES;
				GCC_OPTIMIZATION_LEVEL = 0;
				GCC_PREPROCESSOR_DEFINITIONS = (
					"DEBUG=1",
					"$(inherited)",
				);
				GCC_WARN_64_TO_32_BIT_CONVERSION = YES;
				GCC_WARN_ABOUT_RETURN_TYPE = YES_ERROR;
				GCC_WARN_UNDECLARED_SELECTOR = YES;
				GCC_WARN_UNINITIALIZED_AUTOS = YES_AGGRESSIVE;
				GCC_WARN_UNUSED_FUNCTION = YES;
				GCC_WARN_UNUSED_VARIABLE = YES;
				MTL_ENABLE_DEBUG_INFO = INCLUDE_SOURCE;
				MTL_FAST_MATH = YES;
				ONLY_ACTIVE_ARCH = YES;
				SWIFT_ACTIVE_COMPILATION_CONDITIONS = DEBUG;
				SWIFT_OPTIMIZATION_LEVEL = "-Onone";
			};
			name = Debug;
		};
		C658B6A1293984F800BA29EB /* Release */ = {
			isa = XCBuildConfiguration;
			buildSettings = {
				ALWAYS_SEARCH_USER_PATHS = NO;
				CLANG_ANALYZER_NONNULL = YES;
				CLANG_ANALYZER_NUMBER_OBJECT_CONVERSION = YES_AGGRESSIVE;
				CLANG_CXX_LANGUAGE_STANDARD = "gnu++20";
				CLANG_ENABLE_MODULES = YES;
				CLANG_ENABLE_OBJC_ARC = YES;
				CLANG_ENABLE_OBJC_WEAK = YES;
				CLANG_WARN_BLOCK_CAPTURE_AUTORELEASING = YES;
				CLANG_WARN_BOOL_CONVERSION = YES;
				CLANG_WARN_COMMA = YES;
				CLANG_WARN_CONSTANT_CONVERSION = YES;
				CLANG_WARN_DEPRECATED_OBJC_IMPLEMENTATIONS = YES;
				CLANG_WARN_DIRECT_OBJC_ISA_USAGE = YES_ERROR;
				CLANG_WARN_DOCUMENTATION_COMMENTS = YES;
				CLANG_WARN_EMPTY_BODY = YES;
				CLANG_WARN_ENUM_CONVERSION = YES;
				CLANG_WARN_INFINITE_RECURSION = YES;
				CLANG_WARN_INT_CONVERSION = YES;
				CLANG_WARN_NON_LITERAL_NULL_CONVERSION = YES;
				CLANG_WARN_OBJC_IMPLICIT_RETAIN_SELF = YES;
				CLANG_WARN_OBJC_LITERAL_CONVERSION = YES;
				CLANG_WARN_OBJC_ROOT_CLASS = YES_ERROR;
				CLANG_WARN_QUOTED_INCLUDE_IN_FRAMEWORK_HEADER = YES;
				CLANG_WARN_RANGE_LOOP_ANALYSIS = YES;
				CLANG_WARN_STRICT_PROTOTYPES = YES;
				CLANG_WARN_SUSPICIOUS_MOVE = YES;
				CLANG_WARN_UNGUARDED_AVAILABILITY = YES_AGGRESSIVE;
				CLANG_WARN_UNREACHABLE_CODE = YES;
				CLANG_WARN__DUPLICATE_METHOD_MATCH = YES;
				COPY_PHASE_STRIP = NO;
				DEBUG_INFORMATION_FORMAT = "dwarf-with-dsym";
				ENABLE_NS_ASSERTIONS = NO;
				ENABLE_STRICT_OBJC_MSGSEND = YES;
				GCC_C_LANGUAGE_STANDARD = gnu11;
				GCC_NO_COMMON_BLOCKS = YES;
				GCC_WARN_64_TO_32_BIT_CONVERSION = YES;
				GCC_WARN_ABOUT_RETURN_TYPE = YES_ERROR;
				GCC_WARN_UNDECLARED_SELECTOR = YES;
				GCC_WARN_UNINITIALIZED_AUTOS = YES_AGGRESSIVE;
				GCC_WARN_UNUSED_FUNCTION = YES;
				GCC_WARN_UNUSED_VARIABLE = YES;
				MTL_ENABLE_DEBUG_INFO = NO;
				MTL_FAST_MATH = YES;
				SWIFT_COMPILATION_MODE = wholemodule;
				SWIFT_OPTIMIZATION_LEVEL = "-O";
			};
			name = Release;
		};
		C658B6A3293984F800BA29EB /* Debug */ = {
			isa = XCBuildConfiguration;
			buildSettings = {
				ASSETCATALOG_COMPILER_APPICON_NAME = AppIcon;
				ASSETCATALOG_COMPILER_GLOBAL_ACCENT_COLOR_NAME = AccentColor;
				CODE_SIGN_ENTITLEMENTS = TwoColumnExample/TwoColumnExample.entitlements;
				CODE_SIGN_STYLE = Automatic;
				CURRENT_PROJECT_VERSION = 1;
				DEVELOPMENT_ASSET_PATHS = "\"TwoColumnExample/Preview Content\"";
				DEVELOPMENT_TEAM = S94U296ZZU;
				ENABLE_HARDENED_RUNTIME = YES;
				ENABLE_PREVIEWS = YES;
				GENERATE_INFOPLIST_FILE = YES;
				"INFOPLIST_KEY_UIApplicationSceneManifest_Generation[sdk=iphoneos*]" = YES;
				"INFOPLIST_KEY_UIApplicationSceneManifest_Generation[sdk=iphonesimulator*]" = YES;
				"INFOPLIST_KEY_UIApplicationSupportsIndirectInputEvents[sdk=iphoneos*]" = YES;
				"INFOPLIST_KEY_UIApplicationSupportsIndirectInputEvents[sdk=iphonesimulator*]" = YES;
				"INFOPLIST_KEY_UILaunchScreen_Generation[sdk=iphoneos*]" = YES;
				"INFOPLIST_KEY_UILaunchScreen_Generation[sdk=iphonesimulator*]" = YES;
				"INFOPLIST_KEY_UIStatusBarStyle[sdk=iphoneos*]" = UIStatusBarStyleDefault;
				"INFOPLIST_KEY_UIStatusBarStyle[sdk=iphonesimulator*]" = UIStatusBarStyleDefault;
				INFOPLIST_KEY_UISupportedInterfaceOrientations_iPad = "UIInterfaceOrientationPortrait UIInterfaceOrientationPortraitUpsideDown UIInterfaceOrientationLandscapeLeft UIInterfaceOrientationLandscapeRight";
				INFOPLIST_KEY_UISupportedInterfaceOrientations_iPhone = "UIInterfaceOrientationPortrait UIInterfaceOrientationLandscapeLeft UIInterfaceOrientationLandscapeRight";
				IPHONEOS_DEPLOYMENT_TARGET = 16.1;
				LD_RUNPATH_SEARCH_PATHS = "@executable_path/Frameworks";
				"LD_RUNPATH_SEARCH_PATHS[sdk=macosx*]" = "@executable_path/../Frameworks";
				MACOSX_DEPLOYMENT_TARGET = 12.6;
				MARKETING_VERSION = 1.0;
				PRODUCT_BUNDLE_IDENTIFIER = rabinjoshi.TwoColumnExample;
				PRODUCT_NAME = "$(TARGET_NAME)";
				SDKROOT = auto;
				SUPPORTED_PLATFORMS = "iphoneos iphonesimulator macosx";
				SWIFT_EMIT_LOC_STRINGS = YES;
				SWIFT_VERSION = 5.0;
				TARGETED_DEVICE_FAMILY = "1,2";
			};
			name = Debug;
		};
		C658B6A4293984F800BA29EB /* Release */ = {
			isa = XCBuildConfiguration;
			buildSettings = {
				ASSETCATALOG_COMPILER_APPICON_NAME = AppIcon;
				ASSETCATALOG_COMPILER_GLOBAL_ACCENT_COLOR_NAME = AccentColor;
				CODE_SIGN_ENTITLEMENTS = TwoColumnExample/TwoColumnExample.entitlements;
				CODE_SIGN_STYLE = Automatic;
				CURRENT_PROJECT_VERSION = 1;
				DEVELOPMENT_ASSET_PATHS = "\"TwoColumnExample/Preview Content\"";
				DEVELOPMENT_TEAM = S94U296ZZU;
				ENABLE_HARDENED_RUNTIME = YES;
				ENABLE_PREVIEWS = YES;
				GENERATE_INFOPLIST_FILE = YES;
				"INFOPLIST_KEY_UIApplicationSceneManifest_Generation[sdk=iphoneos*]" = YES;
				"INFOPLIST_KEY_UIApplicationSceneManifest_Generation[sdk=iphonesimulator*]" = YES;
				"INFOPLIST_KEY_UIApplicationSupportsIndirectInputEvents[sdk=iphoneos*]" = YES;
				"INFOPLIST_KEY_UIApplicationSupportsIndirectInputEvents[sdk=iphonesimulator*]" = YES;
				"INFOPLIST_KEY_UILaunchScreen_Generation[sdk=iphoneos*]" = YES;
				"INFOPLIST_KEY_UILaunchScreen_Generation[sdk=iphonesimulator*]" = YES;
				"INFOPLIST_KEY_UIStatusBarStyle[sdk=iphoneos*]" = UIStatusBarStyleDefault;
				"INFOPLIST_KEY_UIStatusBarStyle[sdk=iphonesimulator*]" = UIStatusBarStyleDefault;
				INFOPLIST_KEY_UISupportedInterfaceOrientations_iPad = "UIInterfaceOrientationPortrait UIInterfaceOrientationPortraitUpsideDown UIInterfaceOrientationLandscapeLeft UIInterfaceOrientationLandscapeRight";
				INFOPLIST_KEY_UISupportedInterfaceOrientations_iPhone = "UIInterfaceOrientationPortrait UIInterfaceOrientationLandscapeLeft UIInterfaceOrientationLandscapeRight";
				IPHONEOS_DEPLOYMENT_TARGET = 16.1;
				LD_RUNPATH_SEARCH_PATHS = "@executable_path/Frameworks";
				"LD_RUNPATH_SEARCH_PATHS[sdk=macosx*]" = "@executable_path/../Frameworks";
				MACOSX_DEPLOYMENT_TARGET = 12.6;
				MARKETING_VERSION = 1.0;
				PRODUCT_BUNDLE_IDENTIFIER = rabinjoshi.TwoColumnExample;
				PRODUCT_NAME = "$(TARGET_NAME)";
				SDKROOT = auto;
				SUPPORTED_PLATFORMS = "iphoneos iphonesimulator macosx";
				SWIFT_EMIT_LOC_STRINGS = YES;
				SWIFT_VERSION = 5.0;
				TARGETED_DEVICE_FAMILY = "1,2";
			};
			name = Release;
		};
		C658B6A6293984F800BA29EB /* Debug */ = {
			isa = XCBuildConfiguration;
			buildSettings = {
				ALWAYS_EMBED_SWIFT_STANDARD_LIBRARIES = YES;
				BUNDLE_LOADER = "$(TEST_HOST)";
				CODE_SIGN_STYLE = Automatic;
				CURRENT_PROJECT_VERSION = 1;
				DEVELOPMENT_TEAM = S94U296ZZU;
				GENERATE_INFOPLIST_FILE = YES;
				IPHONEOS_DEPLOYMENT_TARGET = 16.1;
				MACOSX_DEPLOYMENT_TARGET = 12.6;
				MARKETING_VERSION = 1.0;
				PRODUCT_BUNDLE_IDENTIFIER = rabinjoshi.TwoColumnExampleTests;
				PRODUCT_NAME = "$(TARGET_NAME)";
				SDKROOT = auto;
				SUPPORTED_PLATFORMS = "iphoneos iphonesimulator macosx";
				SWIFT_EMIT_LOC_STRINGS = NO;
				SWIFT_VERSION = 5.0;
				TARGETED_DEVICE_FAMILY = "1,2";
				TEST_HOST = "$(BUILT_PRODUCTS_DIR)/TwoColumnExample.app/$(BUNDLE_EXECUTABLE_FOLDER_PATH)/TwoColumnExample";
			};
			name = Debug;
		};
		C658B6A7293984F800BA29EB /* Release */ = {
			isa = XCBuildConfiguration;
			buildSettings = {
				ALWAYS_EMBED_SWIFT_STANDARD_LIBRARIES = YES;
				BUNDLE_LOADER = "$(TEST_HOST)";
				CODE_SIGN_STYLE = Automatic;
				CURRENT_PROJECT_VERSION = 1;
				DEVELOPMENT_TEAM = S94U296ZZU;
				GENERATE_INFOPLIST_FILE = YES;
				IPHONEOS_DEPLOYMENT_TARGET = 16.1;
				MACOSX_DEPLOYMENT_TARGET = 12.6;
				MARKETING_VERSION = 1.0;
				PRODUCT_BUNDLE_IDENTIFIER = rabinjoshi.TwoColumnExampleTests;
				PRODUCT_NAME = "$(TARGET_NAME)";
				SDKROOT = auto;
				SUPPORTED_PLATFORMS = "iphoneos iphonesimulator macosx";
				SWIFT_EMIT_LOC_STRINGS = NO;
				SWIFT_VERSION = 5.0;
				TARGETED_DEVICE_FAMILY = "1,2";
				TEST_HOST = "$(BUILT_PRODUCTS_DIR)/TwoColumnExample.app/$(BUNDLE_EXECUTABLE_FOLDER_PATH)/TwoColumnExample";
			};
			name = Release;
		};
		C658B6A9293984F800BA29EB /* Debug */ = {
			isa = XCBuildConfiguration;
			buildSettings = {
				ALWAYS_EMBED_SWIFT_STANDARD_LIBRARIES = YES;
				CODE_SIGN_STYLE = Automatic;
				CURRENT_PROJECT_VERSION = 1;
				DEVELOPMENT_TEAM = S94U296ZZU;
				GENERATE_INFOPLIST_FILE = YES;
				IPHONEOS_DEPLOYMENT_TARGET = 16.1;
				MACOSX_DEPLOYMENT_TARGET = 12.6;
				MARKETING_VERSION = 1.0;
				PRODUCT_BUNDLE_IDENTIFIER = rabinjoshi.TwoColumnExampleUITests;
				PRODUCT_NAME = "$(TARGET_NAME)";
				SDKROOT = auto;
				SUPPORTED_PLATFORMS = "iphoneos iphonesimulator macosx";
				SWIFT_EMIT_LOC_STRINGS = NO;
				SWIFT_VERSION = 5.0;
				TARGETED_DEVICE_FAMILY = "1,2";
				TEST_TARGET_NAME = TwoColumnExample;
			};
			name = Debug;
		};
		C658B6AA293984F800BA29EB /* Release */ = {
			isa = XCBuildConfiguration;
			buildSettings = {
				ALWAYS_EMBED_SWIFT_STANDARD_LIBRARIES = YES;
				CODE_SIGN_STYLE = Automatic;
				CURRENT_PROJECT_VERSION = 1;
				DEVELOPMENT_TEAM = S94U296ZZU;
				GENERATE_INFOPLIST_FILE = YES;
				IPHONEOS_DEPLOYMENT_TARGET = 16.1;
				MACOSX_DEPLOYMENT_TARGET = 12.6;
				MARKETING_VERSION = 1.0;
				PRODUCT_BUNDLE_IDENTIFIER = rabinjoshi.TwoColumnExampleUITests;
				PRODUCT_NAME = "$(TARGET_NAME)";
				SDKROOT = auto;
				SUPPORTED_PLATFORMS = "iphoneos iphonesimulator macosx";
				SWIFT_EMIT_LOC_STRINGS = NO;
				SWIFT_VERSION = 5.0;
				TARGETED_DEVICE_FAMILY = "1,2";
				TEST_TARGET_NAME = TwoColumnExample;
			};
			name = Release;
		};
/* End XCBuildConfiguration section */

/* Begin XCConfigurationList section */
		C658B678293984F700BA29EB /* Build configuration list for PBXProject "TwoColumnExample" */ = {
			isa = XCConfigurationList;
			buildConfigurations = (
				C658B6A0293984F800BA29EB /* Debug */,
				C658B6A1293984F800BA29EB /* Release */,
			);
			defaultConfigurationIsVisible = 0;
			defaultConfigurationName = Release;
		};
		C658B6A2293984F800BA29EB /* Build configuration list for PBXNativeTarget "TwoColumnExample" */ = {
			isa = XCConfigurationList;
			buildConfigurations = (
				C658B6A3293984F800BA29EB /* Debug */,
				C658B6A4293984F800BA29EB /* Release */,
			);
			defaultConfigurationIsVisible = 0;
			defaultConfigurationName = Release;
		};
		C658B6A5293984F800BA29EB /* Build configuration list for PBXNativeTarget "TwoColumnExampleTests" */ = {
			isa = XCConfigurationList;
			buildConfigurations = (
				C658B6A6293984F800BA29EB /* Debug */,
				C658B6A7293984F800BA29EB /* Release */,
			);
			defaultConfigurationIsVisible = 0;
			defaultConfigurationName = Release;
		};
		C658B6A8293984F800BA29EB /* Build configuration list for PBXNativeTarget "TwoColumnExampleUITests" */ = {
			isa = XCConfigurationList;
			buildConfigurations = (
				C658B6A9293984F800BA29EB /* Debug */,
				C658B6AA293984F800BA29EB /* Release */,
			);
			defaultConfigurationIsVisible = 0;
			defaultConfigurationName = Release;
		};
/* End XCConfigurationList section */
	};
	rootObject = C658B675293984F700BA29EB /* Project object */;
}
