// !$*UTF8*$!
{
	archiveVersion = 1;
	classes = {
	};
	objectVersion = 56;
	objects = {

/* Begin PBXBuildFile section */
		C65A8C322937CAB30012D98D /* SwiftUICatalogApp.swift in Sources */ = {isa = PBXBuildFile; fileRef = C65A8C312937CAB30012D98D /* SwiftUICatalogApp.swift */; };
		C65A8C342937CAB30012D98D /* ContentView.swift in Sources */ = {isa = PBXBuildFile; fileRef = C65A8C332937CAB30012D98D /* ContentView.swift */; };
		C65A8C362937CAB40012D98D /* Assets.xcassets in Resources */ = {isa = PBXBuildFile; fileRef = C65A8C352937CAB40012D98D /* Assets.xcassets */; };
		C65A8C3A2937CAB40012D98D /* Preview Assets.xcassets in Resources */ = {isa = PBXBuildFile; fileRef = C65A8C392937CAB40012D98D /* Preview Assets.xcassets */; };
		C65A8C442937CAB40012D98D /* SwiftUICatalogTests.swift in Sources */ = {isa = PBXBuildFile; fileRef = C65A8C432937CAB40012D98D /* SwiftUICatalogTests.swift */; };
		C65A8C4E2937CAB40012D98D /* SwiftUICatalogUITests.swift in Sources */ = {isa = PBXBuildFile; fileRef = C65A8C4D2937CAB40012D98D /* SwiftUICatalogUITests.swift */; };
		C65A8C502937CAB40012D98D /* SwiftUICatalogUITestsLaunchTests.swift in Sources */ = {isa = PBXBuildFile; fileRef = C65A8C4F2937CAB40012D98D /* SwiftUICatalogUITestsLaunchTests.swift */; };
		C65A8C5E293812ED0012D98D /* TextExamples.swift in Sources */ = {isa = PBXBuildFile; fileRef = C65A8C5D293812ED0012D98D /* TextExamples.swift */; };
/* End PBXBuildFile section */

/* Begin PBXContainerItemProxy section */
		C65A8C402937CAB40012D98D /* PBXContainerItemProxy */ = {
			isa = PBXContainerItemProxy;
			containerPortal = C65A8C262937CAB30012D98D /* Project object */;
			proxyType = 1;
			remoteGlobalIDString = C65A8C2D2937CAB30012D98D;
			remoteInfo = SwiftUICatalog;
		};
		C65A8C4A2937CAB40012D98D /* PBXContainerItemProxy */ = {
			isa = PBXContainerItemProxy;
			containerPortal = C65A8C262937CAB30012D98D /* Project object */;
			proxyType = 1;
			remoteGlobalIDString = C65A8C2D2937CAB30012D98D;
			remoteInfo = SwiftUICatalog;
		};
/* End PBXContainerItemProxy section */

/* Begin PBXFileReference section */
		C65A8C2E2937CAB30012D98D /* SwiftUICatalog.app */ = {isa = PBXFileReference; explicitFileType = wrapper.application; includeInIndex = 0; path = SwiftUICatalog.app; sourceTree = BUILT_PRODUCTS_DIR; };
		C65A8C312937CAB30012D98D /* SwiftUICatalogApp.swift */ = {isa = PBXFileReference; lastKnownFileType = sourcecode.swift; path = SwiftUICatalogApp.swift; sourceTree = "<group>"; };
		C65A8C332937CAB30012D98D /* ContentView.swift */ = {isa = PBXFileReference; lastKnownFileType = sourcecode.swift; path = ContentView.swift; sourceTree = "<group>"; };
		C65A8C352937CAB40012D98D /* Assets.xcassets */ = {isa = PBXFileReference; lastKnownFileType = folder.assetcatalog; path = Assets.xcassets; sourceTree = "<group>"; };
		C65A8C372937CAB40012D98D /* SwiftUICatalog.entitlements */ = {isa = PBXFileReference; lastKnownFileType = text.plist.entitlements; path = SwiftUICatalog.entitlements; sourceTree = "<group>"; };
		C65A8C392937CAB40012D98D /* Preview Assets.xcassets */ = {isa = PBXFileReference; lastKnownFileType = folder.assetcatalog; path = "Preview Assets.xcassets"; sourceTree = "<group>"; };
		C65A8C3F2937CAB40012D98D /* SwiftUICatalogTests.xctest */ = {isa = PBXFileReference; explicitFileType = wrapper.cfbundle; includeInIndex = 0; path = SwiftUICatalogTests.xctest; sourceTree = BUILT_PRODUCTS_DIR; };
		C65A8C432937CAB40012D98D /* SwiftUICatalogTests.swift */ = {isa = PBXFileReference; lastKnownFileType = sourcecode.swift; path = SwiftUICatalogTests.swift; sourceTree = "<group>"; };
		C65A8C492937CAB40012D98D /* SwiftUICatalogUITests.xctest */ = {isa = PBXFileReference; explicitFileType = wrapper.cfbundle; includeInIndex = 0; path = SwiftUICatalogUITests.xctest; sourceTree = BUILT_PRODUCTS_DIR; };
		C65A8C4D2937CAB40012D98D /* SwiftUICatalogUITests.swift */ = {isa = PBXFileReference; lastKnownFileType = sourcecode.swift; path = SwiftUICatalogUITests.swift; sourceTree = "<group>"; };
		C65A8C4F2937CAB40012D98D /* SwiftUICatalogUITestsLaunchTests.swift */ = {isa = PBXFileReference; lastKnownFileType = sourcecode.swift; path = SwiftUICatalogUITestsLaunchTests.swift; sourceTree = "<group>"; };
		C65A8C5D293812ED0012D98D /* TextExamples.swift */ = {isa = PBXFileReference; lastKnownFileType = sourcecode.swift; path = TextExamples.swift; sourceTree = "<group>"; };
/* End PBXFileReference section */

/* Begin PBXFrameworksBuildPhase section */
		C65A8C2B2937CAB30012D98D /* Frameworks */ = {
			isa = PBXFrameworksBuildPhase;
			buildActionMask = 2147483647;
			files = (
			);
			runOnlyForDeploymentPostprocessing = 0;
		};
		C65A8C3C2937CAB40012D98D /* Frameworks */ = {
			isa = PBXFrameworksBuildPhase;
			buildActionMask = 2147483647;
			files = (
			);
			runOnlyForDeploymentPostprocessing = 0;
		};
		C65A8C462937CAB40012D98D /* Frameworks */ = {
			isa = PBXFrameworksBuildPhase;
			buildActionMask = 2147483647;
			files = (
			);
			runOnlyForDeploymentPostprocessing = 0;
		};
/* End PBXFrameworksBuildPhase section */

/* Begin PBXGroup section */
		C65A8C252937CAB30012D98D = {
			isa = PBXGroup;
			children = (
				C65A8C302937CAB30012D98D /* SwiftUICatalog */,
				C65A8C422937CAB40012D98D /* SwiftUICatalogTests */,
				C65A8C4C2937CAB40012D98D /* SwiftUICatalogUITests */,
				C65A8C2F2937CAB30012D98D /* Products */,
			);
			sourceTree = "<group>";
		};
		C65A8C2F2937CAB30012D98D /* Products */ = {
			isa = PBXGroup;
			children = (
				C65A8C2E2937CAB30012D98D /* SwiftUICatalog.app */,
				C65A8C3F2937CAB40012D98D /* SwiftUICatalogTests.xctest */,
				C65A8C492937CAB40012D98D /* SwiftUICatalogUITests.xctest */,
			);
			name = Products;
			sourceTree = "<group>";
		};
		C65A8C302937CAB30012D98D /* SwiftUICatalog */ = {
			isa = PBXGroup;
			children = (
				C65A8C312937CAB30012D98D /* SwiftUICatalogApp.swift */,
				C65A8C332937CAB30012D98D /* ContentView.swift */,
				C65A8C5C293812CD0012D98D /* Controls */,
				C65A8C352937CAB40012D98D /* Assets.xcassets */,
				C65A8C372937CAB40012D98D /* SwiftUICatalog.entitlements */,
				C65A8C382937CAB40012D98D /* Preview Content */,
			);
			path = SwiftUICatalog;
			sourceTree = "<group>";
		};
		C65A8C382937CAB40012D98D /* Preview Content */ = {
			isa = PBXGroup;
			children = (
				C65A8C392937CAB40012D98D /* Preview Assets.xcassets */,
			);
			path = "Preview Content";
			sourceTree = "<group>";
		};
		C65A8C422937CAB40012D98D /* SwiftUICatalogTests */ = {
			isa = PBXGroup;
			children = (
				C65A8C432937CAB40012D98D /* SwiftUICatalogTests.swift */,
			);
			path = SwiftUICatalogTests;
			sourceTree = "<group>";
		};
		C65A8C4C2937CAB40012D98D /* SwiftUICatalogUITests */ = {
			isa = PBXGroup;
			children = (
				C65A8C4D2937CAB40012D98D /* SwiftUICatalogUITests.swift */,
				C65A8C4F2937CAB40012D98D /* SwiftUICatalogUITestsLaunchTests.swift */,
			);
			path = SwiftUICatalogUITests;
			sourceTree = "<group>";
		};
		C65A8C5C293812CD0012D98D /* Controls */ = {
			isa = PBXGroup;
			children = (
				C65A8C5D293812ED0012D98D /* TextExamples.swift */,
			);
			path = Controls;
			sourceTree = "<group>";
		};
/* End PBXGroup section */

/* Begin PBXNativeTarget section */
		C65A8C2D2937CAB30012D98D /* SwiftUICatalog */ = {
			isa = PBXNativeTarget;
			buildConfigurationList = C65A8C532937CAB40012D98D /* Build configuration list for PBXNativeTarget "SwiftUICatalog" */;
			buildPhases = (
				C65A8C2A2937CAB30012D98D /* Sources */,
				C65A8C2B2937CAB30012D98D /* Frameworks */,
				C65A8C2C2937CAB30012D98D /* Resources */,
			);
			buildRules = (
			);
			dependencies = (
			);
			name = SwiftUICatalog;
			productName = SwiftUICatalog;
			productReference = C65A8C2E2937CAB30012D98D /* SwiftUICatalog.app */;
			productType = "com.apple.product-type.application";
		};
		C65A8C3E2937CAB40012D98D /* SwiftUICatalogTests */ = {
			isa = PBXNativeTarget;
			buildConfigurationList = C65A8C562937CAB40012D98D /* Build configuration list for PBXNativeTarget "SwiftUICatalogTests" */;
			buildPhases = (
				C65A8C3B2937CAB40012D98D /* Sources */,
				C65A8C3C2937CAB40012D98D /* Frameworks */,
				C65A8C3D2937CAB40012D98D /* Resources */,
			);
			buildRules = (
			);
			dependencies = (
				C65A8C412937CAB40012D98D /* PBXTargetDependency */,
			);
			name = SwiftUICatalogTests;
			productName = SwiftUICatalogTests;
			productReference = C65A8C3F2937CAB40012D98D /* SwiftUICatalogTests.xctest */;
			productType = "com.apple.product-type.bundle.unit-test";
		};
		C65A8C482937CAB40012D98D /* SwiftUICatalogUITests */ = {
			isa = PBXNativeTarget;
			buildConfigurationList = C65A8C592937CAB40012D98D /* Build configuration list for PBXNativeTarget "SwiftUICatalogUITests" */;
			buildPhases = (
				C65A8C452937CAB40012D98D /* Sources */,
				C65A8C462937CAB40012D98D /* Frameworks */,
				C65A8C472937CAB40012D98D /* Resources */,
			);
			buildRules = (
			);
			dependencies = (
				C65A8C4B2937CAB40012D98D /* PBXTargetDependency */,
			);
			name = SwiftUICatalogUITests;
			productName = SwiftUICatalogUITests;
			productReference = C65A8C492937CAB40012D98D /* SwiftUICatalogUITests.xctest */;
			productType = "com.apple.product-type.bundle.ui-testing";
		};
/* End PBXNativeTarget section */

/* Begin PBXProject section */
		C65A8C262937CAB30012D98D /* Project object */ = {
			isa = PBXProject;
			attributes = {
				BuildIndependentTargetsInParallel = 1;
				LastSwiftUpdateCheck = 1410;
				LastUpgradeCheck = 1410;
				TargetAttributes = {
					C65A8C2D2937CAB30012D98D = {
						CreatedOnToolsVersion = 14.1;
					};
					C65A8C3E2937CAB40012D98D = {
						CreatedOnToolsVersion = 14.1;
						TestTargetID = C65A8C2D2937CAB30012D98D;
					};
					C65A8C482937CAB40012D98D = {
						CreatedOnToolsVersion = 14.1;
						TestTargetID = C65A8C2D2937CAB30012D98D;
					};
				};
			};
			buildConfigurationList = C65A8C292937CAB30012D98D /* Build configuration list for PBXProject "SwiftUICatalog" */;
			compatibilityVersion = "Xcode 14.0";
			developmentRegion = en;
			hasScannedForEncodings = 0;
			knownRegions = (
				en,
				Base,
			);
			mainGroup = C65A8C252937CAB30012D98D;
			productRefGroup = C65A8C2F2937CAB30012D98D /* Products */;
			projectDirPath = "";
			projectRoot = "";
			targets = (
				C65A8C2D2937CAB30012D98D /* SwiftUICatalog */,
				C65A8C3E2937CAB40012D98D /* SwiftUICatalogTests */,
				C65A8C482937CAB40012D98D /* SwiftUICatalogUITests */,
			);
		};
/* End PBXProject section */

/* Begin PBXResourcesBuildPhase section */
		C65A8C2C2937CAB30012D98D /* Resources */ = {
			isa = PBXResourcesBuildPhase;
			buildActionMask = 2147483647;
			files = (
				C65A8C3A2937CAB40012D98D /* Preview Assets.xcassets in Resources */,
				C65A8C362937CAB40012D98D /* Assets.xcassets in Resources */,
			);
			runOnlyForDeploymentPostprocessing = 0;
		};
		C65A8C3D2937CAB40012D98D /* Resources */ = {
			isa = PBXResourcesBuildPhase;
			buildActionMask = 2147483647;
			files = (
			);
			runOnlyForDeploymentPostprocessing = 0;
		};
		C65A8C472937CAB40012D98D /* Resources */ = {
			isa = PBXResourcesBuildPhase;
			buildActionMask = 2147483647;
			files = (
			);
			runOnlyForDeploymentPostprocessing = 0;
		};
/* End PBXResourcesBuildPhase section */

/* Begin PBXSourcesBuildPhase section */
		C65A8C2A2937CAB30012D98D /* Sources */ = {
			isa = PBXSourcesBuildPhase;
			buildActionMask = 2147483647;
			files = (
				C65A8C342937CAB30012D98D /* ContentView.swift in Sources */,
				C65A8C5E293812ED0012D98D /* TextExamples.swift in Sources */,
				C65A8C322937CAB30012D98D /* SwiftUICatalogApp.swift in Sources */,
			);
			runOnlyForDeploymentPostprocessing = 0;
		};
		C65A8C3B2937CAB40012D98D /* Sources */ = {
			isa = PBXSourcesBuildPhase;
			buildActionMask = 2147483647;
			files = (
				C65A8C442937CAB40012D98D /* SwiftUICatalogTests.swift in Sources */,
			);
			runOnlyForDeploymentPostprocessing = 0;
		};
		C65A8C452937CAB40012D98D /* Sources */ = {
			isa = PBXSourcesBuildPhase;
			buildActionMask = 2147483647;
			files = (
				C65A8C502937CAB40012D98D /* SwiftUICatalogUITestsLaunchTests.swift in Sources */,
				C65A8C4E2937CAB40012D98D /* SwiftUICatalogUITests.swift in Sources */,
			);
			runOnlyForDeploymentPostprocessing = 0;
		};
/* End PBXSourcesBuildPhase section */

/* Begin PBXTargetDependency section */
		C65A8C412937CAB40012D98D /* PBXTargetDependency */ = {
			isa = PBXTargetDependency;
			target = C65A8C2D2937CAB30012D98D /* SwiftUICatalog */;
			targetProxy = C65A8C402937CAB40012D98D /* PBXContainerItemProxy */;
		};
		C65A8C4B2937CAB40012D98D /* PBXTargetDependency */ = {
			isa = PBXTargetDependency;
			target = C65A8C2D2937CAB30012D98D /* SwiftUICatalog */;
			targetProxy = C65A8C4A2937CAB40012D98D /* PBXContainerItemProxy */;
		};
/* End PBXTargetDependency section */

/* Begin XCBuildConfiguration section */
		C65A8C512937CAB40012D98D /* Debug */ = {
			isa = XCBuildConfiguration;
			buildSettings = {
				ALWAYS_SEARCH_USER_PATHS = NO;
				CLANG_ANALYZER_NONNULL = YES;
				CLANG_ANALYZER_NUMBER_OBJECT_CONVERSION = YES_AGGRESSIVE;
				CLANG_CXX_LANGUAGE_STANDARD = "gnu++20";
				CLANG_ENABLE_MODULES = YES;
				CLANG_ENABLE_OBJC_ARC = YES;
				CLANG_ENABLE_OBJC_WEAK = YES;
				CLANG_WARN_BLOCK_CAPTURE_AUTORELEASING = YES;
				CLANG_WARN_BOOL_CONVERSION = YES;
				CLANG_WARN_COMMA = YES;
				CLANG_WARN_CONSTANT_CONVERSION = YES;
				CLANG_WARN_DEPRECATED_OBJC_IMPLEMENTATIONS = YES;
				CLANG_WARN_DIRECT_OBJC_ISA_USAGE = YES_ERROR;
				CLANG_WARN_DOCUMENTATION_COMMENTS = YES;
				CLANG_WARN_EMPTY_BODY = YES;
				CLANG_WARN_ENUM_CONVERSION = YES;
				CLANG_WARN_INFINITE_RECURSION = YES;
				CLANG_WARN_INT_CONVERSION = YES;
				CLANG_WARN_NON_LITERAL_NULL_CONVERSION = YES;
				CLANG_WARN_OBJC_IMPLICIT_RETAIN_SELF = YES;
				CLANG_WARN_OBJC_LITERAL_CONVERSION = YES;
				CLANG_WARN_OBJC_ROOT_CLASS = YES_ERROR;
				CLANG_WARN_QUOTED_INCLUDE_IN_FRAMEWORK_HEADER = YES;
				CLANG_WARN_RANGE_LOOP_ANALYSIS = YES;
				CLANG_WARN_STRICT_PROTOTYPES = YES;
				CLANG_WARN_SUSPICIOUS_MOVE = YES;
				CLANG_WARN_UNGUARDED_AVAILABILITY = YES_AGGRESSIVE;
				CLANG_WARN_UNREACHABLE_CODE = YES;
				CLANG_WARN__DUPLICATE_METHOD_MATCH = YES;
				COPY_PHASE_STRIP = NO;
				DEBUG_INFORMATION_FORMAT = dwarf;
				ENABLE_STRICT_OBJC_MSGSEND = YES;
				ENABLE_TESTABILITY = YES;
				GCC_C_LANGUAGE_STANDARD = gnu11;
				GCC_DYNAMIC_NO_PIC = NO;
				GCC_NO_COMMON_BLOCKS = YES;
				GCC_OPTIMIZATION_LEVEL = 0;
				GCC_PREPROCESSOR_DEFINITIONS = (
					"DEBUG=1",
					"$(inherited)",
				);
				GCC_WARN_64_TO_32_BIT_CONVERSION = YES;
				GCC_WARN_ABOUT_RETURN_TYPE = YES_ERROR;
				GCC_WARN_UNDECLARED_SELECTOR = YES;
				GCC_WARN_UNINITIALIZED_AUTOS = YES_AGGRESSIVE;
				GCC_WARN_UNUSED_FUNCTION = YES;
				GCC_WARN_UNUSED_VARIABLE = YES;
				MTL_ENABLE_DEBUG_INFO = INCLUDE_SOURCE;
				MTL_FAST_MATH = YES;
				ONLY_ACTIVE_ARCH = YES;
				SWIFT_ACTIVE_COMPILATION_CONDITIONS = DEBUG;
				SWIFT_OPTIMIZATION_LEVEL = "-Onone";
			};
			name = Debug;
		};
		C65A8C522937CAB40012D98D /* Release */ = {
			isa = XCBuildConfiguration;
			buildSettings = {
				ALWAYS_SEARCH_USER_PATHS = NO;
				CLANG_ANALYZER_NONNULL = YES;
				CLANG_ANALYZER_NUMBER_OBJECT_CONVERSION = YES_AGGRESSIVE;
				CLANG_CXX_LANGUAGE_STANDARD = "gnu++20";
				CLANG_ENABLE_MODULES = YES;
				CLANG_ENABLE_OBJC_ARC = YES;
				CLANG_ENABLE_OBJC_WEAK = YES;
				CLANG_WARN_BLOCK_CAPTURE_AUTORELEASING = YES;
				CLANG_WARN_BOOL_CONVERSION = YES;
				CLANG_WARN_COMMA = YES;
				CLANG_WARN_CONSTANT_CONVERSION = YES;
				CLANG_WARN_DEPRECATED_OBJC_IMPLEMENTATIONS = YES;
				CLANG_WARN_DIRECT_OBJC_ISA_USAGE = YES_ERROR;
				CLANG_WARN_DOCUMENTATION_COMMENTS = YES;
				CLANG_WARN_EMPTY_BODY = YES;
				CLANG_WARN_ENUM_CONVERSION = YES;
				CLANG_WARN_INFINITE_RECURSION = YES;
				CLANG_WARN_INT_CONVERSION = YES;
				CLANG_WARN_NON_LITERAL_NULL_CONVERSION = YES;
				CLANG_WARN_OBJC_IMPLICIT_RETAIN_SELF = YES;
				CLANG_WARN_OBJC_LITERAL_CONVERSION = YES;
				CLANG_WARN_OBJC_ROOT_CLASS = YES_ERROR;
				CLANG_WARN_QUOTED_INCLUDE_IN_FRAMEWORK_HEADER = YES;
				CLANG_WARN_RANGE_LOOP_ANALYSIS = YES;
				CLANG_WARN_STRICT_PROTOTYPES = YES;
				CLANG_WARN_SUSPICIOUS_MOVE = YES;
				CLANG_WARN_UNGUARDED_AVAILABILITY = YES_AGGRESSIVE;
				CLANG_WARN_UNREACHABLE_CODE = YES;
				CLANG_WARN__DUPLICATE_METHOD_MATCH = YES;
				COPY_PHASE_STRIP = NO;
				DEBUG_INFORMATION_FORMAT = "dwarf-with-dsym";
				ENABLE_NS_ASSERTIONS = NO;
				ENABLE_STRICT_OBJC_MSGSEND = YES;
				GCC_C_LANGUAGE_STANDARD = gnu11;
				GCC_NO_COMMON_BLOCKS = YES;
				GCC_WARN_64_TO_32_BIT_CONVERSION = YES;
				GCC_WARN_ABOUT_RETURN_TYPE = YES_ERROR;
				GCC_WARN_UNDECLARED_SELECTOR = YES;
				GCC_WARN_UNINITIALIZED_AUTOS = YES_AGGRESSIVE;
				GCC_WARN_UNUSED_FUNCTION = YES;
				GCC_WARN_UNUSED_VARIABLE = YES;
				MTL_ENABLE_DEBUG_INFO = NO;
				MTL_FAST_MATH = YES;
				SWIFT_COMPILATION_MODE = wholemodule;
				SWIFT_OPTIMIZATION_LEVEL = "-O";
			};
			name = Release;
		};
		C65A8C542937CAB40012D98D /* Debug */ = {
			isa = XCBuildConfiguration;
			buildSettings = {
				ASSETCATALOG_COMPILER_APPICON_NAME = AppIcon;
				ASSETCATALOG_COMPILER_GLOBAL_ACCENT_COLOR_NAME = AccentColor;
				CODE_SIGN_ENTITLEMENTS = SwiftUICatalog/SwiftUICatalog.entitlements;
				CODE_SIGN_STYLE = Automatic;
				CURRENT_PROJECT_VERSION = 1;
				DEVELOPMENT_ASSET_PATHS = "\"SwiftUICatalog/Preview Content\"";
				DEVELOPMENT_TEAM = S94U296ZZU;
				ENABLE_HARDENED_RUNTIME = YES;
				ENABLE_PREVIEWS = YES;
				GENERATE_INFOPLIST_FILE = YES;
				"INFOPLIST_KEY_UIApplicationSceneManifest_Generation[sdk=iphoneos*]" = YES;
				"INFOPLIST_KEY_UIApplicationSceneManifest_Generation[sdk=iphonesimulator*]" = YES;
				"INFOPLIST_KEY_UIApplicationSupportsIndirectInputEvents[sdk=iphoneos*]" = YES;
				"INFOPLIST_KEY_UIApplicationSupportsIndirectInputEvents[sdk=iphonesimulator*]" = YES;
				"INFOPLIST_KEY_UILaunchScreen_Generation[sdk=iphoneos*]" = YES;
				"INFOPLIST_KEY_UILaunchScreen_Generation[sdk=iphonesimulator*]" = YES;
				"INFOPLIST_KEY_UIStatusBarStyle[sdk=iphoneos*]" = UIStatusBarStyleDefault;
				"INFOPLIST_KEY_UIStatusBarStyle[sdk=iphonesimulator*]" = UIStatusBarStyleDefault;
				INFOPLIST_KEY_UISupportedInterfaceOrientations_iPad = "UIInterfaceOrientationPortrait UIInterfaceOrientationPortraitUpsideDown UIInterfaceOrientationLandscapeLeft UIInterfaceOrientationLandscapeRight";
				INFOPLIST_KEY_UISupportedInterfaceOrientations_iPhone = "UIInterfaceOrientationPortrait UIInterfaceOrientationLandscapeLeft UIInterfaceOrientationLandscapeRight";
				IPHONEOS_DEPLOYMENT_TARGET = 16.1;
				LD_RUNPATH_SEARCH_PATHS = "@executable_path/Frameworks";
				"LD_RUNPATH_SEARCH_PATHS[sdk=macosx*]" = "@executable_path/../Frameworks";
				MACOSX_DEPLOYMENT_TARGET = 12.6;
				MARKETING_VERSION = 1.0;
				PRODUCT_BUNDLE_IDENTIFIER = rabinjoshi.SwiftUICatalog;
				PRODUCT_NAME = "$(TARGET_NAME)";
				SDKROOT = auto;
				SUPPORTED_PLATFORMS = "iphoneos iphonesimulator macosx";
				SWIFT_EMIT_LOC_STRINGS = YES;
				SWIFT_VERSION = 5.0;
				TARGETED_DEVICE_FAMILY = "1,2";
			};
			name = Debug;
		};
		C65A8C552937CAB40012D98D /* Release */ = {
			isa = XCBuildConfiguration;
			buildSettings = {
				ASSETCATALOG_COMPILER_APPICON_NAME = AppIcon;
				ASSETCATALOG_COMPILER_GLOBAL_ACCENT_COLOR_NAME = AccentColor;
				CODE_SIGN_ENTITLEMENTS = SwiftUICatalog/SwiftUICatalog.entitlements;
				CODE_SIGN_STYLE = Automatic;
				CURRENT_PROJECT_VERSION = 1;
				DEVELOPMENT_ASSET_PATHS = "\"SwiftUICatalog/Preview Content\"";
				DEVELOPMENT_TEAM = S94U296ZZU;
				ENABLE_HARDENED_RUNTIME = YES;
				ENABLE_PREVIEWS = YES;
				GENERATE_INFOPLIST_FILE = YES;
				"INFOPLIST_KEY_UIApplicationSceneManifest_Generation[sdk=iphoneos*]" = YES;
				"INFOPLIST_KEY_UIApplicationSceneManifest_Generation[sdk=iphonesimulator*]" = YES;
				"INFOPLIST_KEY_UIApplicationSupportsIndirectInputEvents[sdk=iphoneos*]" = YES;
				"INFOPLIST_KEY_UIApplicationSupportsIndirectInputEvents[sdk=iphonesimulator*]" = YES;
				"INFOPLIST_KEY_UILaunchScreen_Generation[sdk=iphoneos*]" = YES;
				"INFOPLIST_KEY_UILaunchScreen_Generation[sdk=iphonesimulator*]" = YES;
				"INFOPLIST_KEY_UIStatusBarStyle[sdk=iphoneos*]" = UIStatusBarStyleDefault;
				"INFOPLIST_KEY_UIStatusBarStyle[sdk=iphonesimulator*]" = UIStatusBarStyleDefault;
				INFOPLIST_KEY_UISupportedInterfaceOrientations_iPad = "UIInterfaceOrientationPortrait UIInterfaceOrientationPortraitUpsideDown UIInterfaceOrientationLandscapeLeft UIInterfaceOrientationLandscapeRight";
				INFOPLIST_KEY_UISupportedInterfaceOrientations_iPhone = "UIInterfaceOrientationPortrait UIInterfaceOrientationLandscapeLeft UIInterfaceOrientationLandscapeRight";
				IPHONEOS_DEPLOYMENT_TARGET = 16.1;
				LD_RUNPATH_SEARCH_PATHS = "@executable_path/Frameworks";
				"LD_RUNPATH_SEARCH_PATHS[sdk=macosx*]" = "@executable_path/../Frameworks";
				MACOSX_DEPLOYMENT_TARGET = 12.6;
				MARKETING_VERSION = 1.0;
				PRODUCT_BUNDLE_IDENTIFIER = rabinjoshi.SwiftUICatalog;
				PRODUCT_NAME = "$(TARGET_NAME)";
				SDKROOT = auto;
				SUPPORTED_PLATFORMS = "iphoneos iphonesimulator macosx";
				SWIFT_EMIT_LOC_STRINGS = YES;
				SWIFT_VERSION = 5.0;
				TARGETED_DEVICE_FAMILY = "1,2";
			};
			name = Release;
		};
		C65A8C572937CAB40012D98D /* Debug */ = {
			isa = XCBuildConfiguration;
			buildSettings = {
				ALWAYS_EMBED_SWIFT_STANDARD_LIBRARIES = YES;
				BUNDLE_LOADER = "$(TEST_HOST)";
				CODE_SIGN_STYLE = Automatic;
				CURRENT_PROJECT_VERSION = 1;
				DEVELOPMENT_TEAM = S94U296ZZU;
				GENERATE_INFOPLIST_FILE = YES;
				IPHONEOS_DEPLOYMENT_TARGET = 16.1;
				MACOSX_DEPLOYMENT_TARGET = 12.6;
				MARKETING_VERSION = 1.0;
				PRODUCT_BUNDLE_IDENTIFIER = rabinjoshi.SwiftUICatalogTests;
				PRODUCT_NAME = "$(TARGET_NAME)";
				SDKROOT = auto;
				SUPPORTED_PLATFORMS = "iphoneos iphonesimulator macosx";
				SWIFT_EMIT_LOC_STRINGS = NO;
				SWIFT_VERSION = 5.0;
				TARGETED_DEVICE_FAMILY = "1,2";
				TEST_HOST = "$(BUILT_PRODUCTS_DIR)/SwiftUICatalog.app/$(BUNDLE_EXECUTABLE_FOLDER_PATH)/SwiftUICatalog";
			};
			name = Debug;
		};
		C65A8C582937CAB40012D98D /* Release */ = {
			isa = XCBuildConfiguration;
			buildSettings = {
				ALWAYS_EMBED_SWIFT_STANDARD_LIBRARIES = YES;
				BUNDLE_LOADER = "$(TEST_HOST)";
				CODE_SIGN_STYLE = Automatic;
				CURRENT_PROJECT_VERSION = 1;
				DEVELOPMENT_TEAM = S94U296ZZU;
				GENERATE_INFOPLIST_FILE = YES;
				IPHONEOS_DEPLOYMENT_TARGET = 16.1;
				MACOSX_DEPLOYMENT_TARGET = 12.6;
				MARKETING_VERSION = 1.0;
				PRODUCT_BUNDLE_IDENTIFIER = rabinjoshi.SwiftUICatalogTests;
				PRODUCT_NAME = "$(TARGET_NAME)";
				SDKROOT = auto;
				SUPPORTED_PLATFORMS = "iphoneos iphonesimulator macosx";
				SWIFT_EMIT_LOC_STRINGS = NO;
				SWIFT_VERSION = 5.0;
				TARGETED_DEVICE_FAMILY = "1,2";
				TEST_HOST = "$(BUILT_PRODUCTS_DIR)/SwiftUICatalog.app/$(BUNDLE_EXECUTABLE_FOLDER_PATH)/SwiftUICatalog";
			};
			name = Release;
		};
		C65A8C5A2937CAB40012D98D /* Debug */ = {
			isa = XCBuildConfiguration;
			buildSettings = {
				ALWAYS_EMBED_SWIFT_STANDARD_LIBRARIES = YES;
				CODE_SIGN_STYLE = Automatic;
				CURRENT_PROJECT_VERSION = 1;
				DEVELOPMENT_TEAM = S94U296ZZU;
				GENERATE_INFOPLIST_FILE = YES;
				IPHONEOS_DEPLOYMENT_TARGET = 16.1;
				MACOSX_DEPLOYMENT_TARGET = 12.6;
				MARKETING_VERSION = 1.0;
				PRODUCT_BUNDLE_IDENTIFIER = rabinjoshi.SwiftUICatalogUITests;
				PRODUCT_NAME = "$(TARGET_NAME)";
				SDKROOT = auto;
				SUPPORTED_PLATFORMS = "iphoneos iphonesimulator macosx";
				SWIFT_EMIT_LOC_STRINGS = NO;
				SWIFT_VERSION = 5.0;
				TARGETED_DEVICE_FAMILY = "1,2";
				TEST_TARGET_NAME = SwiftUICatalog;
			};
			name = Debug;
		};
		C65A8C5B2937CAB40012D98D /* Release */ = {
			isa = XCBuildConfiguration;
			buildSettings = {
				ALWAYS_EMBED_SWIFT_STANDARD_LIBRARIES = YES;
				CODE_SIGN_STYLE = Automatic;
				CURRENT_PROJECT_VERSION = 1;
				DEVELOPMENT_TEAM = S94U296ZZU;
				GENERATE_INFOPLIST_FILE = YES;
				IPHONEOS_DEPLOYMENT_TARGET = 16.1;
				MACOSX_DEPLOYMENT_TARGET = 12.6;
				MARKETING_VERSION = 1.0;
				PRODUCT_BUNDLE_IDENTIFIER = rabinjoshi.SwiftUICatalogUITests;
				PRODUCT_NAME = "$(TARGET_NAME)";
				SDKROOT = auto;
				SUPPORTED_PLATFORMS = "iphoneos iphonesimulator macosx";
				SWIFT_EMIT_LOC_STRINGS = NO;
				SWIFT_VERSION = 5.0;
				TARGETED_DEVICE_FAMILY = "1,2";
				TEST_TARGET_NAME = SwiftUICatalog;
			};
			name = Release;
		};
/* End XCBuildConfiguration section */

/* Begin XCConfigurationList section */
		C65A8C292937CAB30012D98D /* Build configuration list for PBXProject "SwiftUICatalog" */ = {
			isa = XCConfigurationList;
			buildConfigurations = (
				C65A8C512937CAB40012D98D /* Debug */,
				C65A8C522937CAB40012D98D /* Release */,
			);
			defaultConfigurationIsVisible = 0;
			defaultConfigurationName = Release;
		};
		C65A8C532937CAB40012D98D /* Build configuration list for PBXNativeTarget "SwiftUICatalog" */ = {
			isa = XCConfigurationList;
			buildConfigurations = (
				C65A8C542937CAB40012D98D /* Debug */,
				C65A8C552937CAB40012D98D /* Release */,
			);
			defaultConfigurationIsVisible = 0;
			defaultConfigurationName = Release;
		};
		C65A8C562937CAB40012D98D /* Build configuration list for PBXNativeTarget "SwiftUICatalogTests" */ = {
			isa = XCConfigurationList;
			buildConfigurations = (
				C65A8C572937CAB40012D98D /* Debug */,
				C65A8C582937CAB40012D98D /* Release */,
			);
			defaultConfigurationIsVisible = 0;
			defaultConfigurationName = Release;
		};
		C65A8C592937CAB40012D98D /* Build configuration list for PBXNativeTarget "SwiftUICatalogUITests" */ = {
			isa = XCConfigurationList;
			buildConfigurations = (
				C65A8C5A2937CAB40012D98D /* Debug */,
				C65A8C5B2937CAB40012D98D /* Release */,
			);
			defaultConfigurationIsVisible = 0;
			defaultConfigurationName = Release;
		};
/* End XCConfigurationList section */
	};
	rootObject = C65A8C262937CAB30012D98D /* Project object */;
}
